
Microsoft Visual Studio Solution File, Format Version 12.00
# Visual Studio Version 16
VisualStudioVersion = 16.0.30717.126
MinimumVisualStudioVersion = 10.0.40219.1
Project("{FAE04EC0-301F-11D3-BF4B-00C04F79EFBC}") = "Selenium Assignment", "Selenium Assignment\Selenium Assignment.csproj", "{16C583D6-1ECC-4392-9C29-C59EE8178469}"
EndProject
Project("{FAE04EC0-301F-11D3-BF4B-00C04F79EFBC}") = "SpecFlow Assignment", "SpecFlow Assignment\SpecFlow Assignment.csproj", "{776FADA9-0183-4F13-8489-8D8D78304E8C}"
EndProject
Global
	GlobalSection(SolutionConfigurationPlatforms) = preSolution
		Debug|Any CPU = Debug|Any CPU
		Release|Any CPU = Release|Any CPU
	EndGlobalSection
	GlobalSection(ProjectConfigurationPlatforms) = postSolution
		{16C583D6-1ECC-4392-9C29-C59EE8178469}.Debug|Any CPU.ActiveCfg = Debug|Any CPU
		{16C583D6-1ECC-4392-9C29-C59EE8178469}.Debug|Any CPU.Build.0 = Debug|Any CPU
		{16C583D6-1ECC-4392-9C29-C59EE8178469}.Release|Any CPU.ActiveCfg = Release|Any CPU
		{16C583D6-1ECC-4392-9C29-C59EE8178469}.Release|Any CPU.Build.0 = Release|Any CPU
		{776FADA9-0183-4F13-8489-8D8D78304E8C}.Debug|Any CPU.ActiveCfg = Debug|Any CPU
		{776FADA9-0183-4F13-8489-8D8D78304E8C}.Debug|Any CPU.Build.0 = Debug|Any CPU
		{776FADA9-0183-4F13-8489-8D8D78304E8C}.Release|Any CPU.ActiveCfg = Release|Any CPU
		{776FADA9-0183-4F13-8489-8D8D78304E8C}.Release|Any CPU.Build.0 = Release|Any CPU
	EndGlobalSection
	GlobalSection(SolutionProperties) = preSolution
		HideSolutionNode = FALSE
	EndGlobalSection
	GlobalSection(ExtensibilityGlobals) = postSolution
		SolutionGuid = {83A0D24D-B6B3-4139-9043-82659FF582DB}
	EndGlobalSection
EndGlobal
